
Microsoft Visual Studio Solution File, Format Version 12.00
# Visual Studio Version 16
VisualStudioVersion = 16.0.30804.86
MinimumVisualStudioVersion = 10.0.40219.1
Project("{9A19103F-16F7-4668-BE54-9A1E7A4F7556}") = "KampIntro", "KampIntro\KampIntro.csproj", "{05F8D551-B4B3-4186-8D65-58FB5F768B68}"
EndProject
Project("{9A19103F-16F7-4668-BE54-9A1E7A4F7556}") = "Donguler", "Donguler\Donguler.csproj", "{855233DE-7B69-4FFD-920F-13B0FE6ECF0D}"
EndProject
Project("{9A19103F-16F7-4668-BE54-9A1E7A4F7556}") = "ClassIntro", "ClassIntro\ClassIntro.csproj", "{CA5CF8C6-0DCB-42DE-9156-1B21347FD557}"
EndProject
Project("{9A19103F-16F7-4668-BE54-9A1E7A4F7556}") = "Metotlar", "Metotlar\Metotlar.csproj", "{14E0F892-8B3C-42EA-BD9C-592D68B58012}"
EndProject
Project("{9A19103F-16F7-4668-BE54-9A1E7A4F7556}") = "Matematik", "Matematik\Matematik.csproj", "{8D9B0F24-98D5-4B83-B160-D43EA814D484}"
EndProject
Project("{9A19103F-16F7-4668-BE54-9A1E7A4F7556}") = "DegerVeReferaansTipler", "DegerVeReferaansTipler\DegerVeReferaansTipler.csproj", "{0F69E436-CC2A-4C42-A713-B25E4E1EDB10}"
EndProject
Project("{FAE04EC0-301F-11D3-BF4B-00C04F79EFBC}") = "OOP1", "OOP1\OOP1.csproj", "{422C78D9-8627-4013-9C83-918F5CE5E222}"
EndProject
Project("{FAE04EC0-301F-11D3-BF4B-00C04F79EFBC}") = "Koleksiyonlar", "Koleksiyonlar\Koleksiyonlar.csproj", "{3138A5CD-1A77-4A5C-9674-68277CB6DB7A}"
EndProject
Project("{FAE04EC0-301F-11D3-BF4B-00C04F79EFBC}") = "GenericsIntro", "GenericsIntro\GenericsIntro.csproj", "{6BC46A45-34F2-4F9C-85FE-615639FC67C1}"
EndProject
Global
	GlobalSection(SolutionConfigurationPlatforms) = preSolution
		Debug|Any CPU = Debug|Any CPU
		Release|Any CPU = Release|Any CPU
	EndGlobalSection
	GlobalSection(ProjectConfigurationPlatforms) = postSolution
		{05F8D551-B4B3-4186-8D65-58FB5F768B68}.Debug|Any CPU.ActiveCfg = Debug|Any CPU
		{05F8D551-B4B3-4186-8D65-58FB5F768B68}.Debug|Any CPU.Build.0 = Debug|Any CPU
		{05F8D551-B4B3-4186-8D65-58FB5F768B68}.Release|Any CPU.ActiveCfg = Release|Any CPU
		{05F8D551-B4B3-4186-8D65-58FB5F768B68}.Release|Any CPU.Build.0 = Release|Any CPU
		{855233DE-7B69-4FFD-920F-13B0FE6ECF0D}.Debug|Any CPU.ActiveCfg = Debug|Any CPU
		{855233DE-7B69-4FFD-920F-13B0FE6ECF0D}.Debug|Any CPU.Build.0 = Debug|Any CPU
		{855233DE-7B69-4FFD-920F-13B0FE6ECF0D}.Release|Any CPU.ActiveCfg = Release|Any CPU
		{855233DE-7B69-4FFD-920F-13B0FE6ECF0D}.Release|Any CPU.Build.0 = Release|Any CPU
		{CA5CF8C6-0DCB-42DE-9156-1B21347FD557}.Debug|Any CPU.ActiveCfg = Debug|Any CPU
		{CA5CF8C6-0DCB-42DE-9156-1B21347FD557}.Debug|Any CPU.Build.0 = Debug|Any CPU
		{CA5CF8C6-0DCB-42DE-9156-1B21347FD557}.Release|Any CPU.ActiveCfg = Release|Any CPU
		{CA5CF8C6-0DCB-42DE-9156-1B21347FD557}.Release|Any CPU.Build.0 = Release|Any CPU
		{14E0F892-8B3C-42EA-BD9C-592D68B58012}.Debug|Any CPU.ActiveCfg = Debug|Any CPU
		{14E0F892-8B3C-42EA-BD9C-592D68B58012}.Debug|Any CPU.Build.0 = Debug|Any CPU
		{14E0F892-8B3C-42EA-BD9C-592D68B58012}.Release|Any CPU.ActiveCfg = Release|Any CPU
		{14E0F892-8B3C-42EA-BD9C-592D68B58012}.Release|Any CPU.Build.0 = Release|Any CPU
		{8D9B0F24-98D5-4B83-B160-D43EA814D484}.Debug|Any CPU.ActiveCfg = Debug|Any CPU
		{8D9B0F24-98D5-4B83-B160-D43EA814D484}.Debug|Any CPU.Build.0 = Debug|Any CPU
		{8D9B0F24-98D5-4B83-B160-D43EA814D484}.Release|Any CPU.ActiveCfg = Release|Any CPU
		{8D9B0F24-98D5-4B83-B160-D43EA814D484}.Release|Any CPU.Build.0 = Release|Any CPU
		{0F69E436-CC2A-4C42-A713-B25E4E1EDB10}.Debug|Any CPU.ActiveCfg = Debug|Any CPU
		{0F69E436-CC2A-4C42-A713-B25E4E1EDB10}.Debug|Any CPU.Build.0 = Debug|Any CPU
		{0F69E436-CC2A-4C42-A713-B25E4E1EDB10}.Release|Any CPU.ActiveCfg = Release|Any CPU
		{0F69E436-CC2A-4C42-A713-B25E4E1EDB10}.Release|Any CPU.Build.0 = Release|Any CPU
		{422C78D9-8627-4013-9C83-918F5CE5E222}.Debug|Any CPU.ActiveCfg = Debug|Any CPU
		{422C78D9-8627-4013-9C83-918F5CE5E222}.Debug|Any CPU.Build.0 = Debug|Any CPU
		{422C78D9-8627-4013-9C83-918F5CE5E222}.Release|Any CPU.ActiveCfg = Release|Any CPU
		{422C78D9-8627-4013-9C83-918F5CE5E222}.Release|Any CPU.Build.0 = Release|Any CPU
		{3138A5CD-1A77-4A5C-9674-68277CB6DB7A}.Debug|Any CPU.ActiveCfg = Debug|Any CPU
		{3138A5CD-1A77-4A5C-9674-68277CB6DB7A}.Debug|Any CPU.Build.0 = Debug|Any CPU
		{3138A5CD-1A77-4A5C-9674-68277CB6DB7A}.Release|Any CPU.ActiveCfg = Release|Any CPU
		{3138A5CD-1A77-4A5C-9674-68277CB6DB7A}.Release|Any CPU.Build.0 = Release|Any CPU
		{6BC46A45-34F2-4F9C-85FE-615639FC67C1}.Debug|Any CPU.ActiveCfg = Debug|Any CPU
		{6BC46A45-34F2-4F9C-85FE-615639FC67C1}.Debug|Any CPU.Build.0 = Debug|Any CPU
		{6BC46A45-34F2-4F9C-85FE-615639FC67C1}.Release|Any CPU.ActiveCfg = Release|Any CPU
		{6BC46A45-34F2-4F9C-85FE-615639FC67C1}.Release|Any CPU.Build.0 = Release|Any CPU
	EndGlobalSection
	GlobalSection(SolutionProperties) = preSolution
		HideSolutionNode = FALSE
	EndGlobalSection
	GlobalSection(ExtensibilityGlobals) = postSolution
		SolutionGuid = {31AD046B-093F-42F6-93BF-6D9D9A416560}
	EndGlobalSection
EndGlobal
